{
  "name": "gymcak1",
  "version": "1.0.0",
  "lockfileVersion": 1,
  "requires": true,
  "dependencies": {
    "is-not-odd": {
      "version": "1.0.4",
      "resolved": "https://registry.npmjs.org/is-not-odd/-/is-not-odd-1.0.4.tgz",
      "integrity": "sha512-kAXC6OI3Rf4iCvS4zHGpUW/ybh3vl0NWIoOWk2hIPaxNWIMt9DjEsXqGrnVVhDLa4YE58ZwxkmjRKg4xkSopTA==",
      "requires": {
        "is-number": "^7.0.0"
      }
    },
    "is-number": {
      "version": "7.0.0",
      "resolved": "https://registry.npmjs.org/is-number/-/is-number-7.0.0.tgz",
      "integrity": "sha512-41Cifkg6e8TylSpdtTpeLVMqvSBEVzTttHvERD741+pnZ8ANv0004MRL43QKPDlK9cGvNp6NZWZUBlbGXYxxng=="
    }
  }
}
